Microsoft Visual Studio Solution File, Format Version 12.00
# Visual Studio Version 17
VisualStudioVersion = 17.5.2.0
MinimumVisualStudioVersion = 10.0.40219.1
Project("{FAE04EC0-301F-11D3-BF4B-00C04F79EFBC}") = "Migraciones_Trasporte", "Migraciones_Trasporte.csproj", "{F8BBDA1B-359A-3BD3-68FE-C3B0FB293D89}"
EndProject
Global
	GlobalSection(SolutionConfigurationPlatforms) = preSolution
		Debug|Any CPU = Debug|Any CPU
		Release|Any CPU = Release|Any CPU
	EndGlobalSection
	GlobalSection(ProjectConfigurationPlatforms) = postSolution
		{F8BBDA1B-359A-3BD3-68FE-C3B0FB293D89}.Debug|Any CPU.ActiveCfg = Debug|Any CPU
		{F8BBDA1B-359A-3BD3-68FE-C3B0FB293D89}.Debug|Any CPU.Build.0 = Debug|Any CPU
		{F8BBDA1B-359A-3BD3-68FE-C3B0FB293D89}.Release|Any CPU.ActiveCfg = Release|Any CPU
		{F8BBDA1B-359A-3BD3-68FE-C3B0FB293D89}.Release|Any CPU.Build.0 = Release|Any CPU
	EndGlobalSection
	GlobalSection(SolutionProperties) = preSolution
		HideSolutionNode = FALSE
	EndGlobalSection
	GlobalSection(ExtensibilityGlobals) = postSolution
		SolutionGuid = {D76D9013-B5B5-44DA-A259-B5AD39FC4CD1}
	EndGlobalSection
EndGlobal
